
Microsoft Visual Studio Solution File, Format Version 12.00
# Visual Studio Version 16
VisualStudioVersion = 16.0.34407.143
MinimumVisualStudioVersion = 10.0.40219.1
Project("{9A19103F-16F7-4668-BE54-9A1E7A4F7556}") = "MidtermProject", "MidtermProject\MidtermProject.csproj", "{3864A0F8-6174-4546-B04B-4267E116F810}"
EndProject
Project("{9A19103F-16F7-4668-BE54-9A1E7A4F7556}") = "MidtermTester", "MidtermTester\MidtermTester.csproj", "{C9CBD7B2-EDE5-49A0-B7DE-2F239A55BB32}"
EndProject
Project("{9A19103F-16F7-4668-BE54-9A1E7A4F7556}") = "MidtermCOnsole", "MidtermCOnsole\MidtermCOnsole.csproj", "{D17A4429-AD09-420B-AB43-8E07B5B07E2F}"
EndProject
Project("{FAE04EC0-301F-11D3-BF4B-00C04F79EFBC}") = "TestProject2", "TestProject2\TestProject2.csproj", "{409561C5-16DA-4633-9FFD-BB73A8DD01A9}"
EndProject
Global
	GlobalSection(SolutionConfigurationPlatforms) = preSolution
		Debug|Any CPU = Debug|Any CPU
		Release|Any CPU = Release|Any CPU
	EndGlobalSection
	GlobalSection(ProjectConfigurationPlatforms) = postSolution
		{3864A0F8-6174-4546-B04B-4267E116F810}.Debug|Any CPU.ActiveCfg = Debug|Any CPU
		{3864A0F8-6174-4546-B04B-4267E116F810}.Debug|Any CPU.Build.0 = Debug|Any CPU
		{3864A0F8-6174-4546-B04B-4267E116F810}.Release|Any CPU.ActiveCfg = Release|Any CPU
		{3864A0F8-6174-4546-B04B-4267E116F810}.Release|Any CPU.Build.0 = Release|Any CPU
		{C9CBD7B2-EDE5-49A0-B7DE-2F239A55BB32}.Debug|Any CPU.ActiveCfg = Debug|Any CPU
		{C9CBD7B2-EDE5-49A0-B7DE-2F239A55BB32}.Release|Any CPU.ActiveCfg = Release|Any CPU
		{C9CBD7B2-EDE5-49A0-B7DE-2F239A55BB32}.Release|Any CPU.Build.0 = Release|Any CPU
		{D17A4429-AD09-420B-AB43-8E07B5B07E2F}.Debug|Any CPU.ActiveCfg = Debug|Any CPU
		{D17A4429-AD09-420B-AB43-8E07B5B07E2F}.Debug|Any CPU.Build.0 = Debug|Any CPU
		{D17A4429-AD09-420B-AB43-8E07B5B07E2F}.Release|Any CPU.ActiveCfg = Debug|Any CPU
		{D17A4429-AD09-420B-AB43-8E07B5B07E2F}.Release|Any CPU.Build.0 = Debug|Any CPU
		{409561C5-16DA-4633-9FFD-BB73A8DD01A9}.Debug|Any CPU.ActiveCfg = Debug|Any CPU
		{409561C5-16DA-4633-9FFD-BB73A8DD01A9}.Debug|Any CPU.Build.0 = Debug|Any CPU
		{409561C5-16DA-4633-9FFD-BB73A8DD01A9}.Release|Any CPU.ActiveCfg = Release|Any CPU
		{409561C5-16DA-4633-9FFD-BB73A8DD01A9}.Release|Any CPU.Build.0 = Release|Any CPU
	EndGlobalSection
	GlobalSection(SolutionProperties) = preSolution
		HideSolutionNode = FALSE
	EndGlobalSection
	GlobalSection(ExtensibilityGlobals) = postSolution
		SolutionGuid = {5C4EC2A5-CCA1-4555-8E89-D0E21A7E3A12}
	EndGlobalSection
EndGlobal
